
Microsoft Visual Studio Solution File, Format Version 12.00
# Visual Studio Version 17
VisualStudioVersion = 17.5.33414.496
MinimumVisualStudioVersion = 10.0.40219.1
Project("{FAE04EC0-301F-11D3-BF4B-00C04F79EFBC}") = "anonymos", "anonymos\anonymos.csproj", "{8344DE09-572B-41C5-A0F2-516A0F8150D9}"
EndProject
Global
	GlobalSection(SolutionConfigurationPlatforms) = preSolution
		Debug|Any CPU = Debug|Any CPU
		Release|Any CPU = Release|Any CPU
	EndGlobalSection
	GlobalSection(ProjectConfigurationPlatforms) = postSolution
		{8344DE09-572B-41C5-A0F2-516A0F8150D9}.Debug|Any CPU.ActiveCfg = Debug|Any CPU
		{8344DE09-572B-41C5-A0F2-516A0F8150D9}.Debug|Any CPU.Build.0 = Debug|Any CPU
		{8344DE09-572B-41C5-A0F2-516A0F8150D9}.Release|Any CPU.ActiveCfg = Release|Any CPU
		{8344DE09-572B-41C5-A0F2-516A0F8150D9}.Release|Any CPU.Build.0 = Release|Any CPU
	EndGlobalSection
	GlobalSection(SolutionProperties) = preSolution
		HideSolutionNode = FALSE
	EndGlobalSection
	GlobalSection(ExtensibilityGlobals) = postSolution
		SolutionGuid = {67421C5C-9FA2-4F8B-B985-AA8DA8A454F1}
	EndGlobalSection
EndGlobal
